
Microsoft Visual Studio Solution File, Format Version 12.00
# Visual Studio 15
VisualStudioVersion = 15.0.28307.852
MinimumVisualStudioVersion = 10.0.40219.1
Project("{888888A0-9F3D-457C-B088-3A5042F75D52}") = "AWD", "AWD\AWD.pyproj", "{A35A1790-F4EB-499D-970E-5885DB46CA3A}"
EndProject
Global
	GlobalSection(SolutionConfigurationPlatforms) = preSolution
		Debug|Any CPU = Debug|Any CPU
		Release|Any CPU = Release|Any CPU
	EndGlobalSection
	GlobalSection(ProjectConfigurationPlatforms) = postSolution
		{A35A1790-F4EB-499D-970E-5885DB46CA3A}.Debug|Any CPU.ActiveCfg = Debug|Any CPU
		{A35A1790-F4EB-499D-970E-5885DB46CA3A}.Release|Any CPU.ActiveCfg = Release|Any CPU
	EndGlobalSection
	GlobalSection(SolutionProperties) = preSolution
		HideSolutionNode = FALSE
	EndGlobalSection
	GlobalSection(ExtensibilityGlobals) = postSolution
		SolutionGuid = {022B865B-008B-4E41-A2FE-1C45E46BEF12}
	EndGlobalSection
EndGlobal
